
Microsoft Visual Studio Solution File, Format Version 12.00
# Visual Studio Version 16
VisualStudioVersion = 16.0.30804.86
MinimumVisualStudioVersion = 10.0.40219.1
Project("{2150E333-8FDC-42A3-9474-1A3956D46DE8}") = "Services", "Services", "{E3513846-C1DE-405E-8833-136A605641AF}"
EndProject
Project("{2150E333-8FDC-42A3-9474-1A3956D46DE8}") = "Catalog", "Catalog", "{838E7E1D-74BF-417B-A188-756A711253F4}"
EndProject
Project("{9A19103F-16F7-4668-BE54-9A1E7A4F7556}") = "Catalog.API", "Services\Catalog\Catalog.API\Catalog.API.csproj", "{BFCAE758-1A5B-47B6-B53E-451E703A8EED}"
EndProject
Project("{E53339B2-1760-4266-BCC7-CA923CBCF16C}") = "docker-compose", "docker-compose.dcproj", "{F0EEDF10-E45E-4C46-8F27-58C33064883C}"
EndProject
Project("{2150E333-8FDC-42A3-9474-1A3956D46DE8}") = "Basket", "Basket", "{AA551CDC-A909-4AA9-9B47-740CE708C21E}"
EndProject
Project("{9A19103F-16F7-4668-BE54-9A1E7A4F7556}") = "Basket.API", "Services\Basket\Basket.API\Basket.API.csproj", "{80D8698E-36E0-474A-AC52-FF4A58F20B61}"
EndProject
Project("{2150E333-8FDC-42A3-9474-1A3956D46DE8}") = "Discount", "Discount", "{DE33E3CC-2B64-4523-9EF1-7C51FB1582FA}"
EndProject
Project("{9A19103F-16F7-4668-BE54-9A1E7A4F7556}") = "Discount.API", "Services\Discount\Discount.API\Discount.API.csproj", "{BB8411D8-FE09-4804-922C-78D701E6C86F}"
EndProject
Project("{9A19103F-16F7-4668-BE54-9A1E7A4F7556}") = "Discount.Grpc", "Services\Discount\Discount.Grpc\Discount.Grpc.csproj", "{920E008F-79CC-4470-A336-7CF334D69D9A}"
EndProject
Project("{2150E333-8FDC-42A3-9474-1A3956D46DE8}") = "Ordering", "Ordering", "{85471009-1583-44FC-9A94-B2BDCDF9F2B2}"
EndProject
Project("{9A19103F-16F7-4668-BE54-9A1E7A4F7556}") = "Ordering.API", "Services\Ordering\Ordering.API\Ordering.API.csproj", "{5ECDE9AC-E7D4-417C-82A2-E10281A7ABAB}"
EndProject
Project("{9A19103F-16F7-4668-BE54-9A1E7A4F7556}") = "Ordering.Domain", "Services\Ordering\Ordering.Domain\Ordering.Domain.csproj", "{63C3811F-E0D8-411C-821D-39F75CABEEC6}"
EndProject
Project("{9A19103F-16F7-4668-BE54-9A1E7A4F7556}") = "Ordering.Application", "Services\Ordering\Ordering.Application\Ordering.Application.csproj", "{5458AEDF-FE6B-40D6-9DFD-EC7951214EB3}"
EndProject
Project("{9A19103F-16F7-4668-BE54-9A1E7A4F7556}") = "Ordering.Infrastructure", "Services\Ordering\Ordering.Infrastructure\Ordering.Infrastructure.csproj", "{C7BF7235-27B0-4466-8D55-E8C1F05FDCFC}"
EndProject
Project("{2150E333-8FDC-42A3-9474-1A3956D46DE8}") = "BuildingBlocks", "BuildingBlocks", "{CFD75349-53C1-4A79-8268-E8A1E0D636C1}"
EndProject
Project("{9A19103F-16F7-4668-BE54-9A1E7A4F7556}") = "EventBus.Messages", "BuildingBlocks\EventBus.Messages\EventBus.Messages.csproj", "{2780203D-829F-4476-A516-7CB97A155778}"
EndProject
Project("{2150E333-8FDC-42A3-9474-1A3956D46DE8}") = "ApiGateways", "ApiGateways", "{48DD8C92-746D-499E-B882-FF4D7F7BE7C0}"
EndProject
Project("{FAE04EC0-301F-11D3-BF4B-00C04F79EFBC}") = "OcelotApiGw", "ApiGateways\OcelotApiGw\OcelotApiGw.csproj", "{B244FA6A-BD7E-48DA-AEAF-B3B20F6DA51D}"
EndProject
Global
	GlobalSection(SolutionConfigurationPlatforms) = preSolution
		Debug|Any CPU = Debug|Any CPU
		Release|Any CPU = Release|Any CPU
	EndGlobalSection
	GlobalSection(ProjectConfigurationPlatforms) = postSolution
		{BFCAE758-1A5B-47B6-B53E-451E703A8EED}.Debug|Any CPU.ActiveCfg = Debug|Any CPU
		{BFCAE758-1A5B-47B6-B53E-451E703A8EED}.Debug|Any CPU.Build.0 = Debug|Any CPU
		{BFCAE758-1A5B-47B6-B53E-451E703A8EED}.Release|Any CPU.ActiveCfg = Release|Any CPU
		{BFCAE758-1A5B-47B6-B53E-451E703A8EED}.Release|Any CPU.Build.0 = Release|Any CPU
		{F0EEDF10-E45E-4C46-8F27-58C33064883C}.Debug|Any CPU.ActiveCfg = Debug|Any CPU
		{F0EEDF10-E45E-4C46-8F27-58C33064883C}.Debug|Any CPU.Build.0 = Debug|Any CPU
		{F0EEDF10-E45E-4C46-8F27-58C33064883C}.Release|Any CPU.ActiveCfg = Release|Any CPU
		{F0EEDF10-E45E-4C46-8F27-58C33064883C}.Release|Any CPU.Build.0 = Release|Any CPU
		{80D8698E-36E0-474A-AC52-FF4A58F20B61}.Debug|Any CPU.ActiveCfg = Debug|Any CPU
		{80D8698E-36E0-474A-AC52-FF4A58F20B61}.Debug|Any CPU.Build.0 = Debug|Any CPU
		{80D8698E-36E0-474A-AC52-FF4A58F20B61}.Release|Any CPU.ActiveCfg = Release|Any CPU
		{80D8698E-36E0-474A-AC52-FF4A58F20B61}.Release|Any CPU.Build.0 = Release|Any CPU
		{BB8411D8-FE09-4804-922C-78D701E6C86F}.Debug|Any CPU.ActiveCfg = Debug|Any CPU
		{BB8411D8-FE09-4804-922C-78D701E6C86F}.Debug|Any CPU.Build.0 = Debug|Any CPU
		{BB8411D8-FE09-4804-922C-78D701E6C86F}.Release|Any CPU.ActiveCfg = Release|Any CPU
		{BB8411D8-FE09-4804-922C-78D701E6C86F}.Release|Any CPU.Build.0 = Release|Any CPU
		{920E008F-79CC-4470-A336-7CF334D69D9A}.Debug|Any CPU.ActiveCfg = Debug|Any CPU
		{920E008F-79CC-4470-A336-7CF334D69D9A}.Debug|Any CPU.Build.0 = Debug|Any CPU
		{920E008F-79CC-4470-A336-7CF334D69D9A}.Release|Any CPU.ActiveCfg = Release|Any CPU
		{920E008F-79CC-4470-A336-7CF334D69D9A}.Release|Any CPU.Build.0 = Release|Any CPU
		{5ECDE9AC-E7D4-417C-82A2-E10281A7ABAB}.Debug|Any CPU.ActiveCfg = Debug|Any CPU
		{5ECDE9AC-E7D4-417C-82A2-E10281A7ABAB}.Debug|Any CPU.Build.0 = Debug|Any CPU
		{5ECDE9AC-E7D4-417C-82A2-E10281A7ABAB}.Release|Any CPU.ActiveCfg = Release|Any CPU
		{5ECDE9AC-E7D4-417C-82A2-E10281A7ABAB}.Release|Any CPU.Build.0 = Release|Any CPU
		{63C3811F-E0D8-411C-821D-39F75CABEEC6}.Debug|Any CPU.ActiveCfg = Debug|Any CPU
		{63C3811F-E0D8-411C-821D-39F75CABEEC6}.Debug|Any CPU.Build.0 = Debug|Any CPU
		{63C3811F-E0D8-411C-821D-39F75CABEEC6}.Release|Any CPU.ActiveCfg = Release|Any CPU
		{63C3811F-E0D8-411C-821D-39F75CABEEC6}.Release|Any CPU.Build.0 = Release|Any CPU
		{5458AEDF-FE6B-40D6-9DFD-EC7951214EB3}.Debug|Any CPU.ActiveCfg = Debug|Any CPU
		{5458AEDF-FE6B-40D6-9DFD-EC7951214EB3}.Debug|Any CPU.Build.0 = Debug|Any CPU
		{5458AEDF-FE6B-40D6-9DFD-EC7951214EB3}.Release|Any CPU.ActiveCfg = Release|Any CPU
		{5458AEDF-FE6B-40D6-9DFD-EC7951214EB3}.Release|Any CPU.Build.0 = Release|Any CPU
		{C7BF7235-27B0-4466-8D55-E8C1F05FDCFC}.Debug|Any CPU.ActiveCfg = Debug|Any CPU
		{C7BF7235-27B0-4466-8D55-E8C1F05FDCFC}.Debug|Any CPU.Build.0 = Debug|Any CPU
		{C7BF7235-27B0-4466-8D55-E8C1F05FDCFC}.Release|Any CPU.ActiveCfg = Release|Any CPU
		{C7BF7235-27B0-4466-8D55-E8C1F05FDCFC}.Release|Any CPU.Build.0 = Release|Any CPU
		{2780203D-829F-4476-A516-7CB97A155778}.Debug|Any CPU.ActiveCfg = Debug|Any CPU
		{2780203D-829F-4476-A516-7CB97A155778}.Debug|Any CPU.Build.0 = Debug|Any CPU
		{2780203D-829F-4476-A516-7CB97A155778}.Release|Any CPU.ActiveCfg = Release|Any CPU
		{2780203D-829F-4476-A516-7CB97A155778}.Release|Any CPU.Build.0 = Release|Any CPU
		{B244FA6A-BD7E-48DA-AEAF-B3B20F6DA51D}.Debug|Any CPU.ActiveCfg = Debug|Any CPU
		{B244FA6A-BD7E-48DA-AEAF-B3B20F6DA51D}.Debug|Any CPU.Build.0 = Debug|Any CPU
		{B244FA6A-BD7E-48DA-AEAF-B3B20F6DA51D}.Release|Any CPU.ActiveCfg = Release|Any CPU
		{B244FA6A-BD7E-48DA-AEAF-B3B20F6DA51D}.Release|Any CPU.Build.0 = Release|Any CPU
	EndGlobalSection
	GlobalSection(SolutionProperties) = preSolution
		HideSolutionNode = FALSE
	EndGlobalSection
	GlobalSection(NestedProjects) = preSolution
		{838E7E1D-74BF-417B-A188-756A711253F4} = {E3513846-C1DE-405E-8833-136A605641AF}
		{BFCAE758-1A5B-47B6-B53E-451E703A8EED} = {838E7E1D-74BF-417B-A188-756A711253F4}
		{AA551CDC-A909-4AA9-9B47-740CE708C21E} = {E3513846-C1DE-405E-8833-136A605641AF}
		{80D8698E-36E0-474A-AC52-FF4A58F20B61} = {AA551CDC-A909-4AA9-9B47-740CE708C21E}
		{DE33E3CC-2B64-4523-9EF1-7C51FB1582FA} = {E3513846-C1DE-405E-8833-136A605641AF}
		{BB8411D8-FE09-4804-922C-78D701E6C86F} = {DE33E3CC-2B64-4523-9EF1-7C51FB1582FA}
		{920E008F-79CC-4470-A336-7CF334D69D9A} = {DE33E3CC-2B64-4523-9EF1-7C51FB1582FA}
		{85471009-1583-44FC-9A94-B2BDCDF9F2B2} = {E3513846-C1DE-405E-8833-136A605641AF}
		{5ECDE9AC-E7D4-417C-82A2-E10281A7ABAB} = {85471009-1583-44FC-9A94-B2BDCDF9F2B2}
		{63C3811F-E0D8-411C-821D-39F75CABEEC6} = {85471009-1583-44FC-9A94-B2BDCDF9F2B2}
		{5458AEDF-FE6B-40D6-9DFD-EC7951214EB3} = {85471009-1583-44FC-9A94-B2BDCDF9F2B2}
		{C7BF7235-27B0-4466-8D55-E8C1F05FDCFC} = {85471009-1583-44FC-9A94-B2BDCDF9F2B2}
		{2780203D-829F-4476-A516-7CB97A155778} = {CFD75349-53C1-4A79-8268-E8A1E0D636C1}
		{B244FA6A-BD7E-48DA-AEAF-B3B20F6DA51D} = {48DD8C92-746D-499E-B882-FF4D7F7BE7C0}
	EndGlobalSection
	GlobalSection(ExtensibilityGlobals) = postSolution
		SolutionGuid = {178A1B4B-52EC-436B-B737-D5FD814F885F}
	EndGlobalSection
EndGlobal
